
Microsoft Visual Studio Solution File, Format Version 12.00
# Visual Studio Version 17
VisualStudioVersion = 17.5.002.0
MinimumVisualStudioVersion = 10.0.40219.1
Project("{2150E333-8FDC-42A3-9474-1A3956D46DE8}") = "c#", "c#", "{1BAEE333-A31F-4AF2-A6F3-7D37A5D5752A}"
EndProject
Project("{9A19103F-16F7-4668-BE54-9A1E7A4F7556}") = "MyApp", "c#\MyApp\MyApp.csproj", "{0234038A-BBA4-48CC-8E64-8D4A96DCA4C7}"
EndProject
Global
	GlobalSection(SolutionConfigurationPlatforms) = preSolution
		Debug|Any CPU = Debug|Any CPU
		Release|Any CPU = Release|Any CPU
	EndGlobalSection
	GlobalSection(ProjectConfigurationPlatforms) = postSolution
		{0234038A-BBA4-48CC-8E64-8D4A96DCA4C7}.Debug|Any CPU.ActiveCfg = Debug|Any CPU
		{0234038A-BBA4-48CC-8E64-8D4A96DCA4C7}.Debug|Any CPU.Build.0 = Debug|Any CPU
		{0234038A-BBA4-48CC-8E64-8D4A96DCA4C7}.Release|Any CPU.ActiveCfg = Release|Any CPU
		{0234038A-BBA4-48CC-8E64-8D4A96DCA4C7}.Release|Any CPU.Build.0 = Release|Any CPU
	EndGlobalSection
	GlobalSection(SolutionProperties) = preSolution
		HideSolutionNode = FALSE
	EndGlobalSection
	GlobalSection(NestedProjects) = preSolution
		{0234038A-BBA4-48CC-8E64-8D4A96DCA4C7} = {1BAEE333-A31F-4AF2-A6F3-7D37A5D5752A}
	EndGlobalSection
	GlobalSection(ExtensibilityGlobals) = postSolution
		SolutionGuid = {C1E2F49B-3B0C-47B7-9921-73A60FAEDB9A}
	EndGlobalSection
EndGlobal
